
Microsoft Visual Studio Solution File, Format Version 12.00
# Visual Studio Version 16
VisualStudioVersion = 16.0.31321.278
MinimumVisualStudioVersion = 10.0.40219.1
Project("{FAE04EC0-301F-11D3-BF4B-00C04F79EFBC}") = "JwtValidatorFirebase", "JwtValidatorFirebase\JwtValidatorFirebase.csproj", "{8EA0C053-39DE-4593-95B2-5227BA0C3D54}"
EndProject
Global
	GlobalSection(SolutionConfigurationPlatforms) = preSolution
		Debug|Any CPU = Debug|Any CPU
		Release|Any CPU = Release|Any CPU
	EndGlobalSection
	GlobalSection(ProjectConfigurationPlatforms) = postSolution
		{8EA0C053-39DE-4593-95B2-5227BA0C3D54}.Debug|Any CPU.ActiveCfg = Debug|Any CPU
		{8EA0C053-39DE-4593-95B2-5227BA0C3D54}.Debug|Any CPU.Build.0 = Debug|Any CPU
		{8EA0C053-39DE-4593-95B2-5227BA0C3D54}.Release|Any CPU.ActiveCfg = Release|Any CPU
		{8EA0C053-39DE-4593-95B2-5227BA0C3D54}.Release|Any CPU.Build.0 = Release|Any CPU
	EndGlobalSection
	GlobalSection(SolutionProperties) = preSolution
		HideSolutionNode = FALSE
	EndGlobalSection
	GlobalSection(ExtensibilityGlobals) = postSolution
		SolutionGuid = {96F8E1A9-AF40-438F-A3D9-2CE9DC245F34}
	EndGlobalSection
EndGlobal
